
Microsoft Visual Studio Solution File, Format Version 12.00
# Visual Studio Version 17
VisualStudioVersion = 17.9.34728.123
MinimumVisualStudioVersion = 10.0.40219.1
Project("{FAE04EC0-301F-11D3-BF4B-00C04F79EFBC}") = "ReactViteNetCore.Server", "ReactViteNetCore.Server\ReactViteNetCore.Server.csproj", "{C611B3DC-540F-4E30-888E-82DCB79BD1F6}"
EndProject
Project("{54A90642-561A-4BB1-A94E-469ADEE60C69}") = "reactvitenetcore.client", "reactvitenetcore.client\reactvitenetcore.client.esproj", "{FB04EF53-6CF2-43F7-A4FF-3A6B29296213}"
EndProject
Global
	GlobalSection(SolutionConfigurationPlatforms) = preSolution
		Debug|Any CPU = Debug|Any CPU
		Release|Any CPU = Release|Any CPU
	EndGlobalSection
	GlobalSection(ProjectConfigurationPlatforms) = postSolution
		{C611B3DC-540F-4E30-888E-82DCB79BD1F6}.Debug|Any CPU.ActiveCfg = Debug|Any CPU
		{C611B3DC-540F-4E30-888E-82DCB79BD1F6}.Debug|Any CPU.Build.0 = Debug|Any CPU
		{C611B3DC-540F-4E30-888E-82DCB79BD1F6}.Release|Any CPU.ActiveCfg = Release|Any CPU
		{C611B3DC-540F-4E30-888E-82DCB79BD1F6}.Release|Any CPU.Build.0 = Release|Any CPU
		{FB04EF53-6CF2-43F7-A4FF-3A6B29296213}.Debug|Any CPU.ActiveCfg = Debug|Any CPU
		{FB04EF53-6CF2-43F7-A4FF-3A6B29296213}.Debug|Any CPU.Build.0 = Debug|Any CPU
		{FB04EF53-6CF2-43F7-A4FF-3A6B29296213}.Debug|Any CPU.Deploy.0 = Debug|Any CPU
		{FB04EF53-6CF2-43F7-A4FF-3A6B29296213}.Release|Any CPU.ActiveCfg = Release|Any CPU
		{FB04EF53-6CF2-43F7-A4FF-3A6B29296213}.Release|Any CPU.Build.0 = Release|Any CPU
		{FB04EF53-6CF2-43F7-A4FF-3A6B29296213}.Release|Any CPU.Deploy.0 = Release|Any CPU
	EndGlobalSection
	GlobalSection(SolutionProperties) = preSolution
		HideSolutionNode = FALSE
	EndGlobalSection
	GlobalSection(ExtensibilityGlobals) = postSolution
		SolutionGuid = {7437E4AA-FBFA-4B9B-B5CD-8D671264C617}
	EndGlobalSection
EndGlobal
